// !$*UTF8*$!
{
	archiveVersion = 1;
	classes = {
	};
	objectVersion = 52;
	objects = {

/* Begin PBXBuildFile section */
		9F18654F2540C22400CD6190 /* DisplayLink in Frameworks */ = {isa = PBXBuildFile; productRef = 9F18654E2540C22400CD6190 /* DisplayLink */; };
		9F1865532540C25E00CD6190 /* FlappyBirdContentView.swift in Sources */ = {isa = PBXBuildFile; fileRef = 9F1865522540C25E00CD6190 /* FlappyBirdContentView.swift */; };
		9F18655E2540DC0000CD6190 /* GameController.swift in Sources */ = {isa = PBXBuildFile; fileRef = 9F18655D2540DC0000CD6190 /* GameController.swift */; };
		9F1865622540DC2900CD6190 /* BirdViewModel.swift in Sources */ = {isa = PBXBuildFile; fileRef = 9F1865612540DC2900CD6190 /* BirdViewModel.swift */; };
		9FA55794253F805D00D9AAD8 /* GridViewViewModel.swift in Sources */ = {isa = PBXBuildFile; fileRef = 9FA55793253F805D00D9AAD8 /* GridViewViewModel.swift */; };
		9FA55798253F80C300D9AAD8 /* GridData.swift in Sources */ = {isa = PBXBuildFile; fileRef = 9FA55797253F80C300D9AAD8 /* GridData.swift */; };
		9FAC7FFF253915520020FF2C /* SwiftUI_PracticeApp.swift in Sources */ = {isa = PBXBuildFile; fileRef = 9FAC7FFE253915520020FF2C /* SwiftUI_PracticeApp.swift */; };
		9FAC8001253915520020FF2C /* HomeContentView.swift in Sources */ = {isa = PBXBuildFile; fileRef = 9FAC8000253915520020FF2C /* HomeContentView.swift */; };
		9FAC8003253915540020FF2C /* Assets.xcassets in Resources */ = {isa = PBXBuildFile; fileRef = 9FAC8002253915540020FF2C /* Assets.xcassets */; };
		9FAC8006253915540020FF2C /* Preview Assets.xcassets in Resources */ = {isa = PBXBuildFile; fileRef = 9FAC8005253915540020FF2C /* Preview Assets.xcassets */; };
		9FAC8010253917F20020FF2C /* CardView.swift in Sources */ = {isa = PBXBuildFile; fileRef = 9FAC800F253917F20020FF2C /* CardView.swift */; };
		9FAC8014253918220020FF2C /* CardViewContentView.swift in Sources */ = {isa = PBXBuildFile; fileRef = 9FAC8013253918220020FF2C /* CardViewContentView.swift */; };
		9FAC8017253919CC0020FF2C /* Color+Extension.swift in Sources */ = {isa = PBXBuildFile; fileRef = 9FAC8016253919CC0020FF2C /* Color+Extension.swift */; };
		9FAC801C253951220020FF2C /* PokerCard.swift in Sources */ = {isa = PBXBuildFile; fileRef = 9FAC801B253951220020FF2C /* PokerCard.swift */; };
		9FAC801F2539517A0020FF2C /* PokerCardViewModel.swift in Sources */ = {isa = PBXBuildFile; fileRef = 9FAC801E2539517A0020FF2C /* PokerCardViewModel.swift */; };
		9FAC8023253A9B9D0020FF2C /* GridViewContentView.swift in Sources */ = {isa = PBXBuildFile; fileRef = 9FAC8022253A9B9D0020FF2C /* GridViewContentView.swift */; };
		9FAC8027253A9BD20020FF2C /* GridView.swift in Sources */ = {isa = PBXBuildFile; fileRef = 9FAC8026253A9BD20020FF2C /* GridView.swift */; };
		9FE1BA662540E8C5001446BA /* PillarViewModel.swift in Sources */ = {isa = PBXBuildFile; fileRef = 9FE1BA652540E8C5001446BA /* PillarViewModel.swift */; };
		9FE1BA692542321A001446BA /* BirdView.swift in Sources */ = {isa = PBXBuildFile; fileRef = 9FE1BA682542321A001446BA /* BirdView.swift */; };
/* End PBXBuildFile section */

/* Begin PBXFileReference section */
		9F1865522540C25E00CD6190 /* FlappyBirdContentView.swift */ = {isa = PBXFileReference; lastKnownFileType = sourcecode.swift; path = FlappyBirdContentView.swift; sourceTree = "<group>"; };
		9F18655D2540DC0000CD6190 /* GameController.swift */ = {isa = PBXFileReference; lastKnownFileType = sourcecode.swift; path = GameController.swift; sourceTree = "<group>"; };
		9F1865612540DC2900CD6190 /* BirdViewModel.swift */ = {isa = PBXFileReference; lastKnownFileType = sourcecode.swift; path = BirdViewModel.swift; sourceTree = "<group>"; };
		9FA55793253F805D00D9AAD8 /* GridViewViewModel.swift */ = {isa = PBXFileReference; lastKnownFileType = sourcecode.swift; path = GridViewViewModel.swift; sourceTree = "<group>"; };
		9FA55797253F80C300D9AAD8 /* GridData.swift */ = {isa = PBXFileReference; lastKnownFileType = sourcecode.swift; path = GridData.swift; sourceTree = "<group>"; };
		9FAC7FFB253915520020FF2C /* SwiftUI-Practice.app */ = {isa = PBXFileReference; explicitFileType = wrapper.application; includeInIndex = 0; path = "SwiftUI-Practice.app"; sourceTree = BUILT_PRODUCTS_DIR; };
		9FAC7FFE253915520020FF2C /* SwiftUI_PracticeApp.swift */ = {isa = PBXFileReference; lastKnownFileType = sourcecode.swift; path = SwiftUI_PracticeApp.swift; sourceTree = "<group>"; };
		9FAC8000253915520020FF2C /* HomeContentView.swift */ = {isa = PBXFileReference; lastKnownFileType = sourcecode.swift; path = HomeContentView.swift; sourceTree = "<group>"; };
		9FAC8002253915540020FF2C /* Assets.xcassets */ = {isa = PBXFileReference; lastKnownFileType = folder.assetcatalog; path = Assets.xcassets; sourceTree = "<group>"; };
		9FAC8005253915540020FF2C /* Preview Assets.xcassets */ = {isa = PBXFileReference; lastKnownFileType = folder.assetcatalog; path = "Preview Assets.xcassets"; sourceTree = "<group>"; };
		9FAC8007253915540020FF2C /* Info.plist */ = {isa = PBXFileReference; lastKnownFileType = text.plist.xml; path = Info.plist; sourceTree = "<group>"; };
		9FAC800F253917F20020FF2C /* CardView.swift */ = {isa = PBXFileReference; lastKnownFileType = sourcecode.swift; path = CardView.swift; sourceTree = "<group>"; };
		9FAC8013253918220020FF2C /* CardViewContentView.swift */ = {isa = PBXFileReference; lastKnownFileType = sourcecode.swift; path = CardViewContentView.swift; sourceTree = "<group>"; };
		9FAC8016253919CC0020FF2C /* Color+Extension.swift */ = {isa = PBXFileReference; lastKnownFileType = sourcecode.swift; path = "Color+Extension.swift"; sourceTree = "<group>"; };
		9FAC801B253951220020FF2C /* PokerCard.swift */ = {isa = PBXFileReference; lastKnownFileType = sourcecode.swift; path = PokerCard.swift; sourceTree = "<group>"; };
		9FAC801E2539517A0020FF2C /* PokerCardViewModel.swift */ = {isa = PBXFileReference; lastKnownFileType = sourcecode.swift; path = PokerCardViewModel.swift; sourceTree = "<group>"; };
		9FAC8022253A9B9D0020FF2C /* GridViewContentView.swift */ = {isa = PBXFileReference; lastKnownFileType = sourcecode.swift; path = GridViewContentView.swift; sourceTree = "<group>"; };
		9FAC8026253A9BD20020FF2C /* GridView.swift */ = {isa = PBXFileReference; lastKnownFileType = sourcecode.swift; path = GridView.swift; sourceTree = "<group>"; };
		9FE1BA652540E8C5001446BA /* PillarViewModel.swift */ = {isa = PBXFileReference; lastKnownFileType = sourcecode.swift; path = PillarViewModel.swift; sourceTree = "<group>"; };
		9FE1BA682542321A001446BA /* BirdView.swift */ = {isa = PBXFileReference; lastKnownFileType = sourcecode.swift; path = BirdView.swift; sourceTree = "<group>"; };
/* End PBXFileReference section */

/* Begin PBXFrameworksBuildPhase section */
		9FAC7FF8253915520020FF2C /* Frameworks */ = {
			isa = PBXFrameworksBuildPhase;
			buildActionMask = 2147483647;
			files = (
				9F18654F2540C22400CD6190 /* DisplayLink in Frameworks */,
			);
			runOnlyForDeploymentPostprocessing = 0;
		};
/* End PBXFrameworksBuildPhase section */

/* Begin PBXGroup section */
		9F1865512540C23100CD6190 /* Flappy bird */ = {
			isa = PBXGroup;
			children = (
				9F1865522540C25E00CD6190 /* FlappyBirdContentView.swift */,
				9FE1BA682542321A001446BA /* BirdView.swift */,
				9F18655D2540DC0000CD6190 /* GameController.swift */,
				9F1865602540DC1700CD6190 /* ViewModel */,
			);
			path = "Flappy bird";
			sourceTree = "<group>";
		};
		9F1865602540DC1700CD6190 /* ViewModel */ = {
			isa = PBXGroup;
			children = (
				9F1865612540DC2900CD6190 /* BirdViewModel.swift */,
				9FE1BA652540E8C5001446BA /* PillarViewModel.swift */,
			);
			path = ViewModel;
			sourceTree = "<group>";
		};
		9FA55796253F80BA00D9AAD8 /* Model */ = {
			isa = PBXGroup;
			children = (
				9FA55797253F80C300D9AAD8 /* GridData.swift */,
			);
			path = Model;
			sourceTree = "<group>";
		};
		9FA5579B253F80DB00D9AAD8 /* ViewModel */ = {
			isa = PBXGroup;
			children = (
				9FA55793253F805D00D9AAD8 /* GridViewViewModel.swift */,
			);
			path = ViewModel;
			sourceTree = "<group>";
		};
		9FAC7FF2253915520020FF2C = {
			isa = PBXGroup;
			children = (
				9FAC7FFD253915520020FF2C /* SwiftUI-Practice */,
				9FAC7FFC253915520020FF2C /* Products */,
			);
			sourceTree = "<group>";
		};
		9FAC7FFC253915520020FF2C /* Products */ = {
			isa = PBXGroup;
			children = (
				9FAC7FFB253915520020FF2C /* SwiftUI-Practice.app */,
			);
			name = Products;
			sourceTree = "<group>";
		};
		9FAC7FFD253915520020FF2C /* SwiftUI-Practice */ = {
			isa = PBXGroup;
			children = (
				9FAC7FFE253915520020FF2C /* SwiftUI_PracticeApp.swift */,
				9FAC8000253915520020FF2C /* HomeContentView.swift */,
				9F1865512540C23100CD6190 /* Flappy bird */,
				9FAC8021253A9B890020FF2C /* GridView */,
				9FAC800E253917D40020FF2C /* CardView */,
				9FAC8002253915540020FF2C /* Assets.xcassets */,
				9FAC8007253915540020FF2C /* Info.plist */,
				9FAC8004253915540020FF2C /* Preview Content */,
			);
			path = "SwiftUI-Practice";
			sourceTree = "<group>";
		};
		9FAC8004253915540020FF2C /* Preview Content */ = {
			isa = PBXGroup;
			children = (
				9FAC8005253915540020FF2C /* Preview Assets.xcassets */,
			);
			path = "Preview Content";
			sourceTree = "<group>";
		};
		9FAC800E253917D40020FF2C /* CardView */ = {
			isa = PBXGroup;
			children = (
				9FAC8016253919CC0020FF2C /* Color+Extension.swift */,
				9FAC800F253917F20020FF2C /* CardView.swift */,
				9FAC8013253918220020FF2C /* CardViewContentView.swift */,
				9FAC801B253951220020FF2C /* PokerCard.swift */,
				9FAC801E2539517A0020FF2C /* PokerCardViewModel.swift */,
			);
			path = CardView;
			sourceTree = "<group>";
		};
		9FAC8021253A9B890020FF2C /* GridView */ = {
			isa = PBXGroup;
			children = (
				9FAC8022253A9B9D0020FF2C /* GridViewContentView.swift */,
				9FAC8026253A9BD20020FF2C /* GridView.swift */,
				9FA5579B253F80DB00D9AAD8 /* ViewModel */,
				9FA55796253F80BA00D9AAD8 /* Model */,
			);
			path = GridView;
			sourceTree = "<group>";
		};
/* End PBXGroup section */

/* Begin PBXNativeTarget section */
		9FAC7FFA253915520020FF2C /* SwiftUI-Practice */ = {
			isa = PBXNativeTarget;
			buildConfigurationList = 9FAC800A253915540020FF2C /* Build configuration list for PBXNativeTarget "SwiftUI-Practice" */;
			buildPhases = (
				9FAC7FF7253915520020FF2C /* Sources */,
				9FAC7FF8253915520020FF2C /* Frameworks */,
				9FAC7FF9253915520020FF2C /* Resources */,
			);
			buildRules = (
			);
			dependencies = (
			);
			name = "SwiftUI-Practice";
			packageProductDependencies = (
				9F18654E2540C22400CD6190 /* DisplayLink */,
			);
			productName = "SwiftUI-Practice";
			productReference = 9FAC7FFB253915520020FF2C /* SwiftUI-Practice.app */;
			productType = "com.apple.product-type.application";
		};
/* End PBXNativeTarget section */

/* Begin PBXProject section */
		9FAC7FF3253915520020FF2C /* Project object */ = {
			isa = PBXProject;
			attributes = {
				LastSwiftUpdateCheck = 1200;
				LastUpgradeCheck = 1200;
				TargetAttributes = {
					9FAC7FFA253915520020FF2C = {
						CreatedOnToolsVersion = 12.0.1;
					};
				};
			};
			buildConfigurationList = 9FAC7FF6253915520020FF2C /* Build configuration list for PBXProject "SwiftUI-Practice" */;
			compatibilityVersion = "Xcode 9.3";
			developmentRegion = en;
			hasScannedForEncodings = 0;
			knownRegions = (
				en,
				Base,
			);
			mainGroup = 9FAC7FF2253915520020FF2C;
			packageReferences = (
				9F18654D2540C22400CD6190 /* XCRemoteSwiftPackageReference "DisplayLink" */,
			);
			productRefGroup = 9FAC7FFC253915520020FF2C /* Products */;
			projectDirPath = "";
			projectRoot = "";
			targets = (
				9FAC7FFA253915520020FF2C /* SwiftUI-Practice */,
			);
		};
/* End PBXProject section */

/* Begin PBXResourcesBuildPhase section */
		9FAC7FF9253915520020FF2C /* Resources */ = {
			isa = PBXResourcesBuildPhase;
			buildActionMask = 2147483647;
			files = (
				9FAC8006253915540020FF2C /* Preview Assets.xcassets in Resources */,
				9FAC8003253915540020FF2C /* Assets.xcassets in Resources */,
			);
			runOnlyForDeploymentPostprocessing = 0;
		};
/* End PBXResourcesBuildPhase section */

/* Begin PBXSourcesBuildPhase section */
		9FAC7FF7253915520020FF2C /* Sources */ = {
			isa = PBXSourcesBuildPhase;
			buildActionMask = 2147483647;
			files = (
				9FAC8001253915520020FF2C /* HomeContentView.swift in Sources */,
				9F1865532540C25E00CD6190 /* FlappyBirdContentView.swift in Sources */,
				9FAC8017253919CC0020FF2C /* Color+Extension.swift in Sources */,
				9F18655E2540DC0000CD6190 /* GameController.swift in Sources */,
				9FE1BA662540E8C5001446BA /* PillarViewModel.swift in Sources */,
				9FE1BA692542321A001446BA /* BirdView.swift in Sources */,
				9FA55798253F80C300D9AAD8 /* GridData.swift in Sources */,
				9FAC8010253917F20020FF2C /* CardView.swift in Sources */,
				9FAC8023253A9B9D0020FF2C /* GridViewContentView.swift in Sources */,
				9FAC801C253951220020FF2C /* PokerCard.swift in Sources */,
				9FA55794253F805D00D9AAD8 /* GridViewViewModel.swift in Sources */,
				9FAC7FFF253915520020FF2C /* SwiftUI_PracticeApp.swift in Sources */,
				9FAC801F2539517A0020FF2C /* PokerCardViewModel.swift in Sources */,
				9FAC8027253A9BD20020FF2C /* GridView.swift in Sources */,
				9F1865622540DC2900CD6190 /* BirdViewModel.swift in Sources */,
				9FAC8014253918220020FF2C /* CardViewContentView.swift in Sources */,
			);
			runOnlyForDeploymentPostprocessing = 0;
		};
/* End PBXSourcesBuildPhase section */

/* Begin XCBuildConfiguration section */
		9FAC8008253915540020FF2C /* Debug */ = {
			isa = XCBuildConfiguration;
			buildSettings = {
				ALWAYS_SEARCH_USER_PATHS = NO;
				CLANG_ANALYZER_NONNULL = YES;
				CLANG_ANALYZER_NUMBER_OBJECT_CONVERSION = YES_AGGRESSIVE;
				CLANG_CXX_LANGUAGE_STANDARD = "gnu++14";
				CLANG_CXX_LIBRARY = "libc++";
				CLANG_ENABLE_MODULES = YES;
				CLANG_ENABLE_OBJC_ARC = YES;
				CLANG_ENABLE_OBJC_WEAK = YES;
				CLANG_WARN_BLOCK_CAPTURE_AUTORELEASING = YES;
				CLANG_WARN_BOOL_CONVERSION = YES;
				CLANG_WARN_COMMA = YES;
				CLANG_WARN_CONSTANT_CONVERSION = YES;
				CLANG_WARN_DEPRECATED_OBJC_IMPLEMENTATIONS = YES;
				CLANG_WARN_DIRECT_OBJC_ISA_USAGE = YES_ERROR;
				CLANG_WARN_DOCUMENTATION_COMMENTS = YES;
				CLANG_WARN_EMPTY_BODY = YES;
				CLANG_WARN_ENUM_CONVERSION = YES;
				CLANG_WARN_INFINITE_RECURSION = YES;
				CLANG_WARN_INT_CONVERSION = YES;
				CLANG_WARN_NON_LITERAL_NULL_CONVERSION = YES;
				CLANG_WARN_OBJC_IMPLICIT_RETAIN_SELF = YES;
				CLANG_WARN_OBJC_LITERAL_CONVERSION = YES;
				CLANG_WARN_OBJC_ROOT_CLASS = YES_ERROR;
				CLANG_WARN_QUOTED_INCLUDE_IN_FRAMEWORK_HEADER = YES;
				CLANG_WARN_RANGE_LOOP_ANALYSIS = YES;
				CLANG_WARN_STRICT_PROTOTYPES = YES;
				CLANG_WARN_SUSPICIOUS_MOVE = YES;
				CLANG_WARN_UNGUARDED_AVAILABILITY = YES_AGGRESSIVE;
				CLANG_WARN_UNREACHABLE_CODE = YES;
				CLANG_WARN__DUPLICATE_METHOD_MATCH = YES;
				COPY_PHASE_STRIP = NO;
				DEBUG_INFORMATION_FORMAT = dwarf;
				ENABLE_STRICT_OBJC_MSGSEND = YES;
				ENABLE_TESTABILITY = YES;
				GCC_C_LANGUAGE_STANDARD = gnu11;
				GCC_DYNAMIC_NO_PIC = NO;
				GCC_NO_COMMON_BLOCKS = YES;
				GCC_OPTIMIZATION_LEVEL = 0;
				GCC_PREPROCESSOR_DEFINITIONS = (
					"DEBUG=1",
					"$(inherited)",
				);
				GCC_WARN_64_TO_32_BIT_CONVERSION = YES;
				GCC_WARN_ABOUT_RETURN_TYPE = YES_ERROR;
				GCC_WARN_UNDECLARED_SELECTOR = YES;
				GCC_WARN_UNINITIALIZED_AUTOS = YES_AGGRESSIVE;
				GCC_WARN_UNUSED_FUNCTION = YES;
				GCC_WARN_UNUSED_VARIABLE = YES;
				IPHONEOS_DEPLOYMENT_TARGET = 14.0;
				MTL_ENABLE_DEBUG_INFO = INCLUDE_SOURCE;
				MTL_FAST_MATH = YES;
				ONLY_ACTIVE_ARCH = YES;
				SDKROOT = iphoneos;
				SWIFT_ACTIVE_COMPILATION_CONDITIONS = DEBUG;
				SWIFT_OPTIMIZATION_LEVEL = "-Onone";
			};
			name = Debug;
		};
		9FAC8009253915540020FF2C /* Release */ = {
			isa = XCBuildConfiguration;
			buildSettings = {
				ALWAYS_SEARCH_USER_PATHS = NO;
				CLANG_ANALYZER_NONNULL = YES;
				CLANG_ANALYZER_NUMBER_OBJECT_CONVERSION = YES_AGGRESSIVE;
				CLANG_CXX_LANGUAGE_STANDARD = "gnu++14";
				CLANG_CXX_LIBRARY = "libc++";
				CLANG_ENABLE_MODULES = YES;
				CLANG_ENABLE_OBJC_ARC = YES;
				CLANG_ENABLE_OBJC_WEAK = YES;
				CLANG_WARN_BLOCK_CAPTURE_AUTORELEASING = YES;
				CLANG_WARN_BOOL_CONVERSION = YES;
				CLANG_WARN_COMMA = YES;
				CLANG_WARN_CONSTANT_CONVERSION = YES;
				CLANG_WARN_DEPRECATED_OBJC_IMPLEMENTATIONS = YES;
				CLANG_WARN_DIRECT_OBJC_ISA_USAGE = YES_ERROR;
				CLANG_WARN_DOCUMENTATION_COMMENTS = YES;
				CLANG_WARN_EMPTY_BODY = YES;
				CLANG_WARN_ENUM_CONVERSION = YES;
				CLANG_WARN_INFINITE_RECURSION = YES;
				CLANG_WARN_INT_CONVERSION = YES;
				CLANG_WARN_NON_LITERAL_NULL_CONVERSION = YES;
				CLANG_WARN_OBJC_IMPLICIT_RETAIN_SELF = YES;
				CLANG_WARN_OBJC_LITERAL_CONVERSION = YES;
				CLANG_WARN_OBJC_ROOT_CLASS = YES_ERROR;
				CLANG_WARN_QUOTED_INCLUDE_IN_FRAMEWORK_HEADER = YES;
				CLANG_WARN_RANGE_LOOP_ANALYSIS = YES;
				CLANG_WARN_STRICT_PROTOTYPES = YES;
				CLANG_WARN_SUSPICIOUS_MOVE = YES;
				CLANG_WARN_UNGUARDED_AVAILABILITY = YES_AGGRESSIVE;
				CLANG_WARN_UNREACHABLE_CODE = YES;
				CLANG_WARN__DUPLICATE_METHOD_MATCH = YES;
				COPY_PHASE_STRIP = NO;
				DEBUG_INFORMATION_FORMAT = "dwarf-with-dsym";
				ENABLE_NS_ASSERTIONS = NO;
				ENABLE_STRICT_OBJC_MSGSEND = YES;
				GCC_C_LANGUAGE_STANDARD = gnu11;
				GCC_NO_COMMON_BLOCKS = YES;
				GCC_WARN_64_TO_32_BIT_CONVERSION = YES;
				GCC_WARN_ABOUT_RETURN_TYPE = YES_ERROR;
				GCC_WARN_UNDECLARED_SELECTOR = YES;
				GCC_WARN_UNINITIALIZED_AUTOS = YES_AGGRESSIVE;
				GCC_WARN_UNUSED_FUNCTION = YES;
				GCC_WARN_UNUSED_VARIABLE = YES;
				IPHONEOS_DEPLOYMENT_TARGET = 14.0;
				MTL_ENABLE_DEBUG_INFO = NO;
				MTL_FAST_MATH = YES;
				SDKROOT = iphoneos;
				SWIFT_COMPILATION_MODE = wholemodule;
				SWIFT_OPTIMIZATION_LEVEL = "-O";
				VALIDATE_PRODUCT = YES;
			};
			name = Release;
		};
		9FAC800B253915540020FF2C /* Debug */ = {
			isa = XCBuildConfiguration;
			buildSettings = {
				ASSETCATALOG_COMPILER_APPICON_NAME = AppIcon;
				ASSETCATALOG_COMPILER_GLOBAL_ACCENT_COLOR_NAME = AccentColor;
				CODE_SIGN_STYLE = Automatic;
				DEVELOPMENT_ASSET_PATHS = "\"SwiftUI-Practice/Preview Content\"";
				DEVELOPMENT_TEAM = R28CWV76AN;
				ENABLE_PREVIEWS = YES;
				INFOPLIST_FILE = "SwiftUI-Practice/Info.plist";
				IPHONEOS_DEPLOYMENT_TARGET = 14.0;
				LD_RUNPATH_SEARCH_PATHS = (
					"$(inherited)",
					"@executable_path/Frameworks",
				);
				PRODUCT_BUNDLE_IDENTIFIER = "com.pin-chih-lin.SwiftUI-Practice";
				PRODUCT_NAME = "$(TARGET_NAME)";
				SWIFT_VERSION = 5.0;
				TARGETED_DEVICE_FAMILY = "1,2";
			};
			name = Debug;
		};
		9FAC800C253915540020FF2C /* Release */ = {
			isa = XCBuildConfiguration;
			buildSettings = {
				ASSETCATALOG_COMPILER_APPICON_NAME = AppIcon;
				ASSETCATALOG_COMPILER_GLOBAL_ACCENT_COLOR_NAME = AccentColor;
				CODE_SIGN_STYLE = Automatic;
				DEVELOPMENT_ASSET_PATHS = "\"SwiftUI-Practice/Preview Content\"";
				DEVELOPMENT_TEAM = R28CWV76AN;
				ENABLE_PREVIEWS = YES;
				INFOPLIST_FILE = "SwiftUI-Practice/Info.plist";
				IPHONEOS_DEPLOYMENT_TARGET = 14.0;
				LD_RUNPATH_SEARCH_PATHS = (
					"$(inherited)",
					"@executable_path/Frameworks",
				);
				PRODUCT_BUNDLE_IDENTIFIER = "com.pin-chih-lin.SwiftUI-Practice";
				PRODUCT_NAME = "$(TARGET_NAME)";
				SWIFT_VERSION = 5.0;
				TARGETED_DEVICE_FAMILY = "1,2";
			};
			name = Release;
		};
/* End XCBuildConfiguration section */

/* Begin XCConfigurationList section */
		9FAC7FF6253915520020FF2C /* Build configuration list for PBXProject "SwiftUI-Practice" */ = {
			isa = XCConfigurationList;
			buildConfigurations = (
				9FAC8008253915540020FF2C /* Debug */,
				9FAC8009253915540020FF2C /* Release */,
			);
			defaultConfigurationIsVisible = 0;
			defaultConfigurationName = Release;
		};
		9FAC800A253915540020FF2C /* Build configuration list for PBXNativeTarget "SwiftUI-Practice" */ = {
			isa = XCConfigurationList;
			buildConfigurations = (
				9FAC800B253915540020FF2C /* Debug */,
				9FAC800C253915540020FF2C /* Release */,
			);
			defaultConfigurationIsVisible = 0;
			defaultConfigurationName = Release;
		};
/* End XCConfigurationList section */

/* Begin XCRemoteSwiftPackageReference section */
		9F18654D2540C22400CD6190 /* XCRemoteSwiftPackageReference "DisplayLink" */ = {
			isa = XCRemoteSwiftPackageReference;
			repositoryURL = "https://github.com/timdonnelly/DisplayLink";
			requirement = {
				kind = upToNextMajorVersion;
				minimumVersion = 0.2.0;
			};
		};
/* End XCRemoteSwiftPackageReference section */

/* Begin XCSwiftPackageProductDependency section */
		9F18654E2540C22400CD6190 /* DisplayLink */ = {
			isa = XCSwiftPackageProductDependency;
			package = 9F18654D2540C22400CD6190 /* XCRemoteSwiftPackageReference "DisplayLink" */;
			productName = DisplayLink;
		};
/* End XCSwiftPackageProductDependency section */
	};
	rootObject = 9FAC7FF3253915520020FF2C /* Project object */;
}
